// !$*UTF8*$!
{
	archiveVersion = 1;
	classes = {
	};
	objectVersion = 46;
	objects = {

/* Begin PBXBuildFile section */
		D3B5D55D1B4140AB008256E1 /* main.m in Sources */ = {isa = PBXBuildFile; fileRef = D3B5D55C1B4140AB008256E1 /* main.m */; };
		D3B5D5601B4140AB008256E1 /* AppDelegate.m in Sources */ = {isa = PBXBuildFile; fileRef = D3B5D55F1B4140AB008256E1 /* AppDelegate.m */; };
		D3B5D5631B4140AB008256E1 /* ViewController.m in Sources */ = {isa = PBXBuildFile; fileRef = D3B5D5621B4140AB008256E1 /* ViewController.m */; };
		D3B5D5661B4140AB008256E1 /* Main.storyboard in Resources */ = {isa = PBXBuildFile; fileRef = D3B5D5641B4140AB008256E1 /* Main.storyboard */; };
		D3B5D5681B4140AB008256E1 /* Images.xcassets in Resources */ = {isa = PBXBuildFile; fileRef = D3B5D5671B4140AB008256E1 /* Images.xcassets */; };
		D3B5D56B1B4140AB008256E1 /* LaunchScreen.xib in Resources */ = {isa = PBXBuildFile; fileRef = D3B5D5691B4140AB008256E1 /* LaunchScreen.xib */; };
		D3B5D5771B4140AB008256E1 /* Git_TestTests.m in Sources */ = {isa = PBXBuildFile; fileRef = D3B5D5761B4140AB008256E1 /* Git_TestTests.m */; };
/* End PBXBuildFile section */

/* Begin PBXContainerItemProxy section */
		D3B5D5711B4140AB008256E1 /* PBXContainerItemProxy */ = {
			isa = PBXContainerItemProxy;
			containerPortal = D3B5D54F1B4140AB008256E1 /* Project object */;
			proxyType = 1;
			remoteGlobalIDString = D3B5D5561B4140AB008256E1;
			remoteInfo = "Git Test";
		};
/* End PBXContainerItemProxy section */

/* Begin PBXFileReference section */
		D3B5D5571B4140AB008256E1 /* Git Test.app */ = {isa = PBXFileReference; explicitFileType = wrapper.application; includeInIndex = 0; path = "Git Test.app"; sourceTree = BUILT_PRODUCTS_DIR; };
		D3B5D55B1B4140AB008256E1 /* Info.plist */ = {isa = PBXFileReference; lastKnownFileType = text.plist.xml; path = Info.plist; sourceTree = "<group>"; };
		D3B5D55C1B4140AB008256E1 /* main.m */ = {isa = PBXFileReference; lastKnownFileType = sourcecode.c.objc; path = main.m; sourceTree = "<group>"; };
		D3B5D55E1B4140AB008256E1 /* AppDelegate.h */ = {isa = PBXFileReference; lastKnownFileType = sourcecode.c.h; path = AppDelegate.h; sourceTree = "<group>"; };
		D3B5D55F1B4140AB008256E1 /* AppDelegate.m */ = {isa = PBXFileReference; lastKnownFileType = sourcecode.c.objc; path = AppDelegate.m; sourceTree = "<group>"; };
		D3B5D5611B4140AB008256E1 /* ViewController.h */ = {isa = PBXFileReference; lastKnownFileType = sourcecode.c.h; path = ViewController.h; sourceTree = "<group>"; };
		D3B5D5621B4140AB008256E1 /* ViewController.m */ = {isa = PBXFileReference; lastKnownFileType = sourcecode.c.objc; path = ViewController.m; sourceTree = "<group>"; };
		D3B5D5651B4140AB008256E1 /* Base */ = {isa = PBXFileReference; lastKnownFileType = file.storyboard; name = Base; path = Base.lproj/Main.storyboard; sourceTree = "<group>"; };
		D3B5D5671B4140AB008256E1 /* Images.xcassets */ = {isa = PBXFileReference; lastKnownFileType = folder.assetcatalog; path = Images.xcassets; sourceTree = "<group>"; };
		D3B5D56A1B4140AB008256E1 /* Base */ = {isa = PBXFileReference; lastKnownFileType = file.xib; name = Base; path = Base.lproj/LaunchScreen.xib; sourceTree = "<group>"; };
		D3B5D5701B4140AB008256E1 /* Git TestTests.xctest */ = {isa = PBXFileReference; explicitFileType = wrapper.cfbundle; includeInIndex = 0; path = "Git TestTests.xctest"; sourceTree = BUILT_PRODUCTS_DIR; };
		D3B5D5751B4140AB008256E1 /* Info.plist */ = {isa = PBXFileReference; lastKnownFileType = text.plist.xml; path = Info.plist; sourceTree = "<group>"; };
		D3B5D5761B4140AB008256E1 /* Git_TestTests.m */ = {isa = PBXFileReference; lastKnownFileType = sourcecode.c.objc; path = Git_TestTests.m; sourceTree = "<group>"; };
/* End PBXFileReference section */

/* Begin PBXFrameworksBuildPhase section */
		D3B5D5541B4140AB008256E1 /* Frameworks */ = {
			isa = PBXFrameworksBuildPhase;
			buildActionMask = 2147483647;
			files = (
			);
			runOnlyForDeploymentPostprocessing = 0;
		};
		D3B5D56D1B4140AB008256E1 /* Frameworks */ = {
			isa = PBXFrameworksBuildPhase;
			buildActionMask = 2147483647;
			files = (
			);
			runOnlyForDeploymentPostprocessing = 0;
		};
/* End PBXFrameworksBuildPhase section */

/* Begin PBXGroup section */
		D3B5D54E1B4140AB008256E1 = {
			isa = PBXGroup;
			children = (
				D3B5D5591B4140AB008256E1 /* Git Test */,
				D3B5D5731B4140AB008256E1 /* Git TestTests */,
				D3B5D5581B4140AB008256E1 /* Products */,
			);
			sourceTree = "<group>";
		};
		D3B5D5581B4140AB008256E1 /* Products */ = {
			isa = PBXGroup;
			children = (
				D3B5D5571B4140AB008256E1 /* Git Test.app */,
				D3B5D5701B4140AB008256E1 /* Git TestTests.xctest */,
			);
			name = Products;
			sourceTree = "<group>";
		};
		D3B5D5591B4140AB008256E1 /* Git Test */ = {
			isa = PBXGroup;
			children = (
				D3B5D55E1B4140AB008256E1 /* AppDelegate.h */,
				D3B5D55F1B4140AB008256E1 /* AppDelegate.m */,
				D3B5D5611B4140AB008256E1 /* ViewController.h */,
				D3B5D5621B4140AB008256E1 /* ViewController.m */,
				D3B5D5641B4140AB008256E1 /* Main.storyboard */,
				D3B5D5671B4140AB008256E1 /* Images.xcassets */,
				D3B5D5691B4140AB008256E1 /* LaunchScreen.xib */,
				D3B5D55A1B4140AB008256E1 /* Supporting Files */,
			);
			path = "Git Test";
			sourceTree = "<group>";
		};
		D3B5D55A1B4140AB008256E1 /* Supporting Files */ = {
			isa = PBXGroup;
			children = (
				D3B5D55B1B4140AB008256E1 /* Info.plist */,
				D3B5D55C1B4140AB008256E1 /* main.m */,
			);
			name = "Supporting Files";
			sourceTree = "<group>";
		};
		D3B5D5731B4140AB008256E1 /* Git TestTests */ = {
			isa = PBXGroup;
			children = (
				D3B5D5761B4140AB008256E1 /* Git_TestTests.m */,
				D3B5D5741B4140AB008256E1 /* Supporting Files */,
			);
			path = "Git TestTests";
			sourceTree = "<group>";
		};
		D3B5D5741B4140AB008256E1 /* Supporting Files */ = {
			isa = PBXGroup;
			children = (
				D3B5D5751B4140AB008256E1 /* Info.plist */,
			);
			name = "Supporting Files";
			sourceTree = "<group>";
		};
/* End PBXGroup section */

/* Begin PBXNativeTarget section */
		D3B5D5561B4140AB008256E1 /* Git Test */ = {
			isa = PBXNativeTarget;
			buildConfigurationList = D3B5D57A1B4140AB008256E1 /* Build configuration list for PBXNativeTarget "Git Test" */;
			buildPhases = (
				D3B5D5531B4140AB008256E1 /* Sources */,
				D3B5D5541B4140AB008256E1 /* Frameworks */,
				D3B5D5551B4140AB008256E1 /* Resources */,
			);
			buildRules = (
			);
			dependencies = (
			);
			name = "Git Test";
			productName = "Git Test";
			productReference = D3B5D5571B4140AB008256E1 /* Git Test.app */;
			productType = "com.apple.product-type.application";
		};
		D3B5D56F1B4140AB008256E1 /* Git TestTests */ = {
			isa = PBXNativeTarget;
			buildConfigurationList = D3B5D57D1B4140AB008256E1 /* Build configuration list for PBXNativeTarget "Git TestTests" */;
			buildPhases = (
				D3B5D56C1B4140AB008256E1 /* Sources */,
				D3B5D56D1B4140AB008256E1 /* Frameworks */,
				D3B5D56E1B4140AB008256E1 /* Resources */,
			);
			buildRules = (
			);
			dependencies = (
				D3B5D5721B4140AB008256E1 /* PBXTargetDependency */,
			);
			name = "Git TestTests";
			productName = "Git TestTests";
			productReference = D3B5D5701B4140AB008256E1 /* Git TestTests.xctest */;
			productType = "com.apple.product-type.bundle.unit-test";
		};
/* End PBXNativeTarget section */

/* Begin PBXProject section */
		D3B5D54F1B4140AB008256E1 /* Project object */ = {
			isa = PBXProject;
			attributes = {
				LastUpgradeCheck = 0630;
				ORGANIZATIONNAME = "Jordan Huynh";
				TargetAttributes = {
					D3B5D5561B4140AB008256E1 = {
						CreatedOnToolsVersion = 6.3.2;
					};
					D3B5D56F1B4140AB008256E1 = {
						CreatedOnToolsVersion = 6.3.2;
						TestTargetID = D3B5D5561B4140AB008256E1;
					};
				};
			};
			buildConfigurationList = D3B5D5521B4140AB008256E1 /* Build configuration list for PBXProject "Git Test" */;
			compatibilityVersion = "Xcode 3.2";
			developmentRegion = English;
			hasScannedForEncodings = 0;
			knownRegions = (
				en,
				Base,
			);
			mainGroup = D3B5D54E1B4140AB008256E1;
			productRefGroup = D3B5D5581B4140AB008256E1 /* Products */;
			projectDirPath = "";
			projectRoot = "";
			targets = (
				D3B5D5561B4140AB008256E1 /* Git Test */,
				D3B5D56F1B4140AB008256E1 /* Git TestTests */,
			);
		};
/* End PBXProject section */

/* Begin PBXResourcesBuildPhase section */
		D3B5D5551B4140AB008256E1 /* Resources */ = {
			isa = PBXResourcesBuildPhase;
			buildActionMask = 2147483647;
			files = (
				D3B5D5661B4140AB008256E1 /* Main.storyboard in Resources */,
				D3B5D56B1B4140AB008256E1 /* LaunchScreen.xib in Resources */,
				D3B5D5681B4140AB008256E1 /* Images.xcassets in Resources */,
			);
			runOnlyForDeploymentPostprocessing = 0;
		};
		D3B5D56E1B4140AB008256E1 /* Resources */ = {
			isa = PBXResourcesBuildPhase;
			buildActionMask = 2147483647;
			files = (
			);
			runOnlyForDeploymentPostprocessing = 0;
		};
/* End PBXResourcesBuildPhase section */

/* Begin PBXSourcesBuildPhase section */
		D3B5D5531B4140AB008256E1 /* Sources */ = {
			isa = PBXSourcesBuildPhase;
			buildActionMask = 2147483647;
			files = (
				D3B5D5631B4140AB008256E1 /* ViewController.m in Sources */,
				D3B5D5601B4140AB008256E1 /* AppDelegate.m in Sources */,
				D3B5D55D1B4140AB008256E1 /* main.m in Sources */,
			);
			runOnlyForDeploymentPostprocessing = 0;
		};
		D3B5D56C1B4140AB008256E1 /* Sources */ = {
			isa = PBXSourcesBuildPhase;
			buildActionMask = 2147483647;
			files = (
				D3B5D5771B4140AB008256E1 /* Git_TestTests.m in Sources */,
			);
			runOnlyForDeploymentPostprocessing = 0;
		};
/* End PBXSourcesBuildPhase section */

/* Begin PBXTargetDependency section */
		D3B5D5721B4140AB008256E1 /* PBXTargetDependency */ = {
			isa = PBXTargetDependency;
			target = D3B5D5561B4140AB008256E1 /* Git Test */;
			targetProxy = D3B5D5711B4140AB008256E1 /* PBXContainerItemProxy */;
		};
/* End PBXTargetDependency section */

/* Begin PBXVariantGroup section */
		D3B5D5641B4140AB008256E1 /* Main.storyboard */ = {
			isa = PBXVariantGroup;
			children = (
				D3B5D5651B4140AB008256E1 /* Base */,
			);
			name = Main.storyboard;
			sourceTree = "<group>";
		};
		D3B5D5691B4140AB008256E1 /* LaunchScreen.xib */ = {
			isa = PBXVariantGroup;
			children = (
				D3B5D56A1B4140AB008256E1 /* Base */,
			);
			name = LaunchScreen.xib;
			sourceTree = "<group>";
		};
/* End PBXVariantGroup section */

/* Begin XCBuildConfiguration section */
		D3B5D5781B4140AB008256E1 /* Debug */ = {
			isa = XCBuildConfiguration;
			buildSettings = {
				ALWAYS_SEARCH_USER_PATHS = NO;
				CLANG_CXX_LANGUAGE_STANDARD = "gnu++0x";
				CLANG_CXX_LIBRARY = "libc++";
				CLANG_ENABLE_MODULES = YES;
				CLANG_ENABLE_OBJC_ARC = YES;
				CLANG_WARN_BOOL_CONVERSION = YES;
				CLANG_WARN_CONSTANT_CONVERSION = YES;
				CLANG_WARN_DIRECT_OBJC_ISA_USAGE = YES_ERROR;
				CLANG_WARN_EMPTY_BODY = YES;
				CLANG_WARN_ENUM_CONVERSION = YES;
				CLANG_WARN_INT_CONVERSION = YES;
				CLANG_WARN_OBJC_ROOT_CLASS = YES_ERROR;
				CLANG_WARN_UNREACHABLE_CODE = YES;
				CLANG_WARN__DUPLICATE_METHOD_MATCH = YES;
				"CODE_SIGN_IDENTITY[sdk=iphoneos*]" = "iPhone Developer";
				COPY_PHASE_STRIP = NO;
				DEBUG_INFORMATION_FORMAT = "dwarf-with-dsym";
				ENABLE_STRICT_OBJC_MSGSEND = YES;
				GCC_C_LANGUAGE_STANDARD = gnu99;
				GCC_DYNAMIC_NO_PIC = NO;
				GCC_NO_COMMON_BLOCKS = YES;
				GCC_OPTIMIZATION_LEVEL = 0;
				GCC_PREPROCESSOR_DEFINITIONS = (
					"DEBUG=1",
					"$(inherited)",
				);
				GCC_SYMBOLS_PRIVATE_EXTERN = NO;
				GCC_WARN_64_TO_32_BIT_CONVERSION = YES;
				GCC_WARN_ABOUT_RETURN_TYPE = YES_ERROR;
				GCC_WARN_UNDECLARED_SELECTOR = YES;
				GCC_WARN_UNINITIALIZED_AUTOS = YES_AGGRESSIVE;
				GCC_WARN_UNUSED_FUNCTION = YES;
				GCC_WARN_UNUSED_VARIABLE = YES;
				IPHONEOS_DEPLOYMENT_TARGET = 8.3;
				MTL_ENABLE_DEBUG_INFO = YES;
				ONLY_ACTIVE_ARCH = YES;
				SDKROOT = iphoneos;
			};
			name = Debug;
		};
		D3B5D5791B4140AB008256E1 /* Release */ = {
			isa = XCBuildConfiguration;
			buildSettings = {
				ALWAYS_SEARCH_USER_PATHS = NO;
				CLANG_CXX_LANGUAGE_STANDARD = "gnu++0x";
				CLANG_CXX_LIBRARY = "libc++";
				CLANG_ENABLE_MODULES = YES;
				CLANG_ENABLE_OBJC_ARC = YES;
				CLANG_WARN_BOOL_CONVERSION = YES;
				CLANG_WARN_CONSTANT_CONVERSION = YES;
				CLANG_WARN_DIRECT_OBJC_ISA_USAGE = YES_ERROR;
				CLANG_WARN_EMPTY_BODY = YES;
				CLANG_WARN_ENUM_CONVERSION = YES;
				CLANG_WARN_INT_CONVERSION = YES;
				CLANG_WARN_OBJC_ROOT_CLASS = YES_ERROR;
				CLANG_WARN_UNREACHABLE_CODE = YES;
				CLANG_WARN__DUPLICATE_METHOD_MATCH = YES;
				"CODE_SIGN_IDENTITY[sdk=iphoneos*]" = "iPhone Developer";
				COPY_PHASE_STRIP = NO;
				DEBUG_INFORMATION_FORMAT = "dwarf-with-dsym";
				ENABLE_NS_ASSERTIONS = NO;
				ENABLE_STRICT_OBJC_MSGSEND = YES;
				GCC_C_LANGUAGE_STANDARD = gnu99;
				GCC_NO_COMMON_BLOCKS = YES;
				GCC_WARN_64_TO_32_BIT_CONVERSION = YES;
				GCC_WARN_ABOUT_RETURN_TYPE = YES_ERROR;
				GCC_WARN_UNDECLARED_SELECTOR = YES;
				GCC_WARN_UNINITIALIZED_AUTOS = YES_AGGRESSIVE;
				GCC_WARN_UNUSED_FUNCTION = YES;
				GCC_WARN_UNUSED_VARIABLE = YES;
				IPHONEOS_DEPLOYMENT_TARGET = 8.3;
				MTL_ENABLE_DEBUG_INFO = NO;
				SDKROOT = iphoneos;
				VALIDATE_PRODUCT = YES;
			};
			name = Release;
		};
		D3B5D57B1B4140AB008256E1 /* Debug */ = {
			isa = XCBuildConfiguration;
			buildSettings = {
				ASSETCATALOG_COMPILER_APPICON_NAME = AppIcon;
				INFOPLIST_FILE = "Git Test/Info.plist";
				LD_RUNPATH_SEARCH_PATHS = "$(inherited) @executable_path/Frameworks";
				PRODUCT_NAME = "$(TARGET_NAME)";
			};
			name = Debug;
		};
		D3B5D57C1B4140AB008256E1 /* Release */ = {
			isa = XCBuildConfiguration;
			buildSettings = {
				ASSETCATALOG_COMPILER_APPICON_NAME = AppIcon;
				INFOPLIST_FILE = "Git Test/Info.plist";
				LD_RUNPATH_SEARCH_PATHS = "$(inherited) @executable_path/Frameworks";
				PRODUCT_NAME = "$(TARGET_NAME)";
			};
			name = Release;
		};
		D3B5D57E1B4140AB008256E1 /* Debug */ = {
			isa = XCBuildConfiguration;
			buildSettings = {
				BUNDLE_LOADER = "$(TEST_HOST)";
				FRAMEWORK_SEARCH_PATHS = (
					"$(SDKROOT)/Developer/Library/Frameworks",
					"$(inherited)",
				);
				GCC_PREPROCESSOR_DEFINITIONS = (
					"DEBUG=1",
					"$(inherited)",
				);
				INFOPLIST_FILE = "Git TestTests/Info.plist";
				LD_RUNPATH_SEARCH_PATHS = "$(inherited) @executable_path/Frameworks @loader_path/Frameworks";
				PRODUCT_NAME = "$(TARGET_NAME)";
				TEST_HOST = "$(BUILT_PRODUCTS_DIR)/Git Test.app/Git Test";
			};
			name = Debug;
		};
		D3B5D57F1B4140AB008256E1 /* Release */ = {
			isa = XCBuildConfiguration;
			buildSettings = {
				BUNDLE_LOADER = "$(TEST_HOST)";
				FRAMEWORK_SEARCH_PATHS = (
					"$(SDKROOT)/Developer/Library/Frameworks",
					"$(inherited)",
				);
				INFOPLIST_FILE = "Git TestTests/Info.plist";
				LD_RUNPATH_SEARCH_PATHS = "$(inherited) @executable_path/Frameworks @loader_path/Frameworks";
				PRODUCT_NAME = "$(TARGET_NAME)";
				TEST_HOST = "$(BUILT_PRODUCTS_DIR)/Git Test.app/Git Test";
			};
			name = Release;
		};
/* End XCBuildConfiguration section */

/* Begin XCConfigurationList section */
		D3B5D5521B4140AB008256E1 /* Build configuration list for PBXProject "Git Test" */ = {
			isa = XCConfigurationList;
			buildConfigurations = (
				D3B5D5781B4140AB008256E1 /* Debug */,
				D3B5D5791B4140AB008256E1 /* Release */,
			);
			defaultConfigurationIsVisible = 0;
			defaultConfigurationName = Release;
		};
		D3B5D57A1B4140AB008256E1 /* Build configuration list for PBXNativeTarget "Git Test" */ = {
			isa = XCConfigurationList;
			buildConfigurations = (
				D3B5D57B1B4140AB008256E1 /* Debug */,
				D3B5D57C1B4140AB008256E1 /* Release */,
			);
			defaultConfigurationIsVisible = 0;
		};
		D3B5D57D1B4140AB008256E1 /* Build configuration list for PBXNativeTarget "Git TestTests" */ = {
			isa = XCConfigurationList;
			buildConfigurations = (
				D3B5D57E1B4140AB008256E1 /* Debug */,
				D3B5D57F1B4140AB008256E1 /* Release */,
			);
			defaultConfigurationIsVisible = 0;
		};
/* End XCConfigurationList section */
	};
	rootObject = D3B5D54F1B4140AB008256E1 /* Project object */;
}
